# This file is automatically @generated by Cargo.
# It is not intended for manual editing.
version = 4

[[package]]
name = "q-vrf"
version = "0.1.0"
source = "git+https://github.com/Quantova/QRC-CONSENSUS.git?rev=7ef7e0920ff8ce600644a969740d4d4f3a486109#7ef7e0920ff8ce600644a969740d4d4f3a486109"
dependencies = [
 "qtv-crypto",
]

[[package]]
name = "qtv-account"
version = "0.1.0"
source = "git+https://github.com/Quantova/Quantova-Chain.git?rev=a1469ba88a88e445e4bbf6e8708a460531f56add#a1469ba88a88e445e4bbf6e8708a460531f56add"
dependencies = [
 "qtv-crypto",
 "qtv-idfmt",
 "qtv-wipe",
]

[[package]]
name = "qtv-attest"
version = "0.1.0"
source = "git+https://github.com/Quantova/QRC-CONSENSUS.git?rev=7ef7e0920ff8ce600644a969740d4d4f3a486109#7ef7e0920ff8ce600644a969740d4d4f3a486109"
dependencies = [
 "qtv-bft",
 "qtv-crypto",
 "qtv-sampler",
]

[[package]]
name = "qtv-bench"
version = "0.1.0"
dependencies = [
 "qtv-account",
 "qtv-attest",
 "qtv-bft",
 "qtv-block",
 "qtv-codec",
 "qtv-crypto",
 "qtv-idfmt",
 "qtv-net",
 "qtv-node",
 "qtv-sampler",
 "qtv-state",
 "qtv-tx",
 "qtv-vm",
 "qtv-vrf",
]

[[package]]
name = "qtv-bft"
version = "0.1.0"
source = "git+https://github.com/Quantova/QRC-CONSENSUS.git?rev=7ef7e0920ff8ce600644a969740d4d4f3a486109#7ef7e0920ff8ce600644a969740d4d4f3a486109"
dependencies = [
 "qtv-crypto",
]

[[package]]
name = "qtv-block"
version = "0.1.0"
source = "git+https://github.com/Quantova/Quantova-Chain.git?rev=a1469ba88a88e445e4bbf6e8708a460531f56add#a1469ba88a88e445e4bbf6e8708a460531f56add"
dependencies = [
 "qtv-codec",
 "qtv-crypto",
 "qtv-idfmt",
 "qtv-tx",
]

[[package]]
name = "qtv-codec"
version = "0.1.0"
source = "git+https://github.com/Quantova/Quantova-Chain.git?rev=a1469ba88a88e445e4bbf6e8708a460531f56add#a1469ba88a88e445e4bbf6e8708a460531f56add"

[[package]]
name = "qtv-crypto"
version = "0.3.0"
source = "git+https://github.com/Quantova/Q-Crypto.git?rev=12fefda211c5b7f8a8e9ed60e6a35d880da54c38#12fefda211c5b7f8a8e9ed60e6a35d880da54c38"

[[package]]
name = "qtv-governance"
version = "0.1.0"
source = "git+https://github.com/Quantova/Quantova-Chain.git?rev=a1469ba88a88e445e4bbf6e8708a460531f56add#a1469ba88a88e445e4bbf6e8708a460531f56add"
dependencies = [
 "qtv-codec",
]

[[package]]
name = "qtv-idfmt"
version = "0.1.0"
source = "git+https://github.com/Quantova/Quantova-Chain.git?rev=a1469ba88a88e445e4bbf6e8708a460531f56add#a1469ba88a88e445e4bbf6e8708a460531f56add"

[[package]]
name = "qtv-net"
version = "0.1.0"
source = "git+https://github.com/Quantova/Quantova-Chain.git?rev=a1469ba88a88e445e4bbf6e8708a460531f56add#a1469ba88a88e445e4bbf6e8708a460531f56add"
dependencies = [
 "qtv-crypto",
 "qtv-wipe",
]

[[package]]
name = "qtv-node"
version = "0.1.0"
source = "git+https://github.com/Quantova/Quantova-Chain.git?rev=a1469ba88a88e445e4bbf6e8708a460531f56add#a1469ba88a88e445e4bbf6e8708a460531f56add"
dependencies = [
 "qtv-account",
 "qtv-attest",
 "qtv-bft",
 "qtv-block",
 "qtv-codec",
 "qtv-crypto",
 "qtv-governance",
 "qtv-idfmt",
 "qtv-sampler",
 "qtv-staking",
 "qtv-state",
 "qtv-tx",
 "qtv-vm",
 "qtv-wipe",
]

[[package]]
name = "qtv-sampler"
version = "0.1.0"
source = "git+https://github.com/Quantova/QRC-CONSENSUS.git?rev=7ef7e0920ff8ce600644a969740d4d4f3a486109#7ef7e0920ff8ce600644a969740d4d4f3a486109"
dependencies = [
 "q-vrf",
 "qtv-crypto",
]

[[package]]
name = "qtv-staking"
version = "0.1.0"
source = "git+https://github.com/Quantova/Quantova-Chain.git?rev=a1469ba88a88e445e4bbf6e8708a460531f56add#a1469ba88a88e445e4bbf6e8708a460531f56add"
dependencies = [
 "qtv-codec",
]

[[package]]
name = "qtv-stark"
version = "0.1.0"
source = "git+https://github.com/Quantova/q-prover.git?rev=bddf924e8e702bf72fd905b66558452c26520831#bddf924e8e702bf72fd905b66558452c26520831"
dependencies = [
 "qtv-crypto",
]

[[package]]
name = "qtv-state"
version = "0.1.0"
source = "git+https://github.com/Quantova/Quantova-Chain.git?rev=a1469ba88a88e445e4bbf6e8708a460531f56add#a1469ba88a88e445e4bbf6e8708a460531f56add"
dependencies = [
 "qtv-codec",
 "qtv-crypto",
]

[[package]]
name = "qtv-tx"
version = "0.1.0"
source = "git+https://github.com/Quantova/Quantova-Chain.git?rev=a1469ba88a88e445e4bbf6e8708a460531f56add#a1469ba88a88e445e4bbf6e8708a460531f56add"
dependencies = [
 "qtv-account",
 "qtv-codec",
 "qtv-crypto",
 "qtv-idfmt",
 "qtv-wipe",
]

[[package]]
name = "qtv-vm"
version = "0.2.0"
source = "git+https://github.com/Quantova/QVM.git?rev=f7d82abb13a01039d78dca732660fd6700d7b830#f7d82abb13a01039d78dca732660fd6700d7b830"
dependencies = [
 "qtv-crypto",
]

[[package]]
name = "qtv-vrf"
version = "0.1.0"
source = "git+https://github.com/Quantova/QVRF.git?rev=7734070198ca09892b90ca8eaf2221243bbe3949#7734070198ca09892b90ca8eaf2221243bbe3949"
dependencies = [
 "qtv-crypto",
 "qtv-stark",
]

[[package]]
name = "qtv-wipe"
version = "0.1.0"
source = "git+https://github.com/Quantova/Quantova-Chain.git?rev=a1469ba88a88e445e4bbf6e8708a460531f56add#a1469ba88a88e445e4bbf6e8708a460531f56add"
