# This file is automatically @generated by Cargo.
# It is not intended for manual editing.
version = 4

[[package]]
name = "q-vrf"
version = "0.1.0"
source = "git+https://github.com/Quantova/QRC-CONSENSUS.git?rev=47089aa62a703847291dd1d6ead5c3c1d3c9bdd8#47089aa62a703847291dd1d6ead5c3c1d3c9bdd8"
dependencies = [
 "qtv-crypto",
]

[[package]]
name = "qtv-account"
version = "0.1.0"
source = "git+https://github.com/Quantova/Quantova-Chain.git?rev=8ceac4f6bf15ab64dab8aff5e24b12c70be8001a#8ceac4f6bf15ab64dab8aff5e24b12c70be8001a"
dependencies = [
 "qtv-crypto",
 "qtv-idfmt",
 "qtv-wipe",
]

[[package]]
name = "qtv-attest"
version = "0.1.0"
source = "git+https://github.com/Quantova/QRC-CONSENSUS.git?rev=47089aa62a703847291dd1d6ead5c3c1d3c9bdd8#47089aa62a703847291dd1d6ead5c3c1d3c9bdd8"
dependencies = [
 "qtv-bft",
 "qtv-crypto",
 "qtv-sampler",
]

[[package]]
name = "qtv-bench"
version = "0.1.0"
dependencies = [
 "qtv-account",
 "qtv-attest",
 "qtv-bft",
 "qtv-block",
 "qtv-codec",
 "qtv-crypto",
 "qtv-idfmt",
 "qtv-net",
 "qtv-node",
 "qtv-sampler",
 "qtv-state",
 "qtv-tx",
 "qtv-vm",
 "qtv-vrf",
]

[[package]]
name = "qtv-bft"
version = "0.1.0"
source = "git+https://github.com/Quantova/QRC-CONSENSUS.git?rev=47089aa62a703847291dd1d6ead5c3c1d3c9bdd8#47089aa62a703847291dd1d6ead5c3c1d3c9bdd8"
dependencies = [
 "qtv-crypto",
]

[[package]]
name = "qtv-block"
version = "0.1.0"
source = "git+https://github.com/Quantova/Quantova-Chain.git?rev=8ceac4f6bf15ab64dab8aff5e24b12c70be8001a#8ceac4f6bf15ab64dab8aff5e24b12c70be8001a"
dependencies = [
 "qtv-codec",
 "qtv-crypto",
 "qtv-idfmt",
 "qtv-tx",
]

[[package]]
name = "qtv-codec"
version = "0.1.0"
source = "git+https://github.com/Quantova/Quantova-Chain.git?rev=8ceac4f6bf15ab64dab8aff5e24b12c70be8001a#8ceac4f6bf15ab64dab8aff5e24b12c70be8001a"

[[package]]
name = "qtv-crypto"
version = "0.3.0"
source = "git+https://github.com/Quantova/Q-Crypto.git?rev=367547487c9ce07ca36293864308c117865a02ea#367547487c9ce07ca36293864308c117865a02ea"

[[package]]
name = "qtv-governance"
version = "0.1.0"
source = "git+https://github.com/Quantova/Quantova-Chain.git?rev=8ceac4f6bf15ab64dab8aff5e24b12c70be8001a#8ceac4f6bf15ab64dab8aff5e24b12c70be8001a"
dependencies = [
 "qtv-codec",
]

[[package]]
name = "qtv-idfmt"
version = "0.1.0"
source = "git+https://github.com/Quantova/Quantova-Chain.git?rev=8ceac4f6bf15ab64dab8aff5e24b12c70be8001a#8ceac4f6bf15ab64dab8aff5e24b12c70be8001a"

[[package]]
name = "qtv-net"
version = "0.1.0"
source = "git+https://github.com/Quantova/Quantova-Chain.git?rev=8ceac4f6bf15ab64dab8aff5e24b12c70be8001a#8ceac4f6bf15ab64dab8aff5e24b12c70be8001a"
dependencies = [
 "qtv-crypto",
 "qtv-wipe",
]

[[package]]
name = "qtv-node"
version = "0.1.0"
source = "git+https://github.com/Quantova/Quantova-Chain.git?rev=8ceac4f6bf15ab64dab8aff5e24b12c70be8001a#8ceac4f6bf15ab64dab8aff5e24b12c70be8001a"
dependencies = [
 "qtv-account",
 "qtv-attest",
 "qtv-bft",
 "qtv-block",
 "qtv-codec",
 "qtv-crypto",
 "qtv-governance",
 "qtv-idfmt",
 "qtv-sampler",
 "qtv-staking",
 "qtv-state",
 "qtv-tx",
 "qtv-vm",
 "qtv-wipe",
]

[[package]]
name = "qtv-sampler"
version = "0.1.0"
source = "git+https://github.com/Quantova/QRC-CONSENSUS.git?rev=47089aa62a703847291dd1d6ead5c3c1d3c9bdd8#47089aa62a703847291dd1d6ead5c3c1d3c9bdd8"
dependencies = [
 "q-vrf",
 "qtv-crypto",
]

[[package]]
name = "qtv-staking"
version = "0.1.0"
source = "git+https://github.com/Quantova/Quantova-Chain.git?rev=8ceac4f6bf15ab64dab8aff5e24b12c70be8001a#8ceac4f6bf15ab64dab8aff5e24b12c70be8001a"
dependencies = [
 "qtv-codec",
]

[[package]]
name = "qtv-stark"
version = "0.1.0"
source = "git+https://github.com/Quantova/q-prover.git?rev=91bb6e7e611b5e3fce58e9a02a26bbe60a2f056c#91bb6e7e611b5e3fce58e9a02a26bbe60a2f056c"
dependencies = [
 "qtv-crypto",
]

[[package]]
name = "qtv-state"
version = "0.1.0"
source = "git+https://github.com/Quantova/Quantova-Chain.git?rev=8ceac4f6bf15ab64dab8aff5e24b12c70be8001a#8ceac4f6bf15ab64dab8aff5e24b12c70be8001a"
dependencies = [
 "qtv-codec",
 "qtv-crypto",
]

[[package]]
name = "qtv-tx"
version = "0.1.0"
source = "git+https://github.com/Quantova/Quantova-Chain.git?rev=8ceac4f6bf15ab64dab8aff5e24b12c70be8001a#8ceac4f6bf15ab64dab8aff5e24b12c70be8001a"
dependencies = [
 "qtv-account",
 "qtv-codec",
 "qtv-crypto",
 "qtv-idfmt",
 "qtv-wipe",
]

[[package]]
name = "qtv-vm"
version = "0.2.0"
source = "git+https://github.com/Quantova/QVM.git?rev=f2efa4bb143611a58a94607b8d10fdafc69c372c#f2efa4bb143611a58a94607b8d10fdafc69c372c"
dependencies = [
 "qtv-crypto",
]

[[package]]
name = "qtv-vrf"
version = "0.1.0"
source = "git+https://github.com/Quantova/QVRF.git?rev=913c9207c1d57ed67c06a44ffdca34a49155adcf#913c9207c1d57ed67c06a44ffdca34a49155adcf"
dependencies = [
 "qtv-crypto",
 "qtv-stark",
]

[[package]]
name = "qtv-wipe"
version = "0.1.0"
source = "git+https://github.com/Quantova/Quantova-Chain.git?rev=8ceac4f6bf15ab64dab8aff5e24b12c70be8001a#8ceac4f6bf15ab64dab8aff5e24b12c70be8001a"
